{
  "name": "nodes",
  "version": "1.0.0",
  "lockfileVersion": 3,
  "requires": true,
  "packages": {
    "": {
      "name": "nodes",
      "version": "1.0.0",
      "license": "ISC",
      "dependencies": {
        "homing": "file:homing"
      }
    },
    "homing": {
      "version": "0.1.0"
    },
    "node_modules/homing": {
      "resolved": "homing",
      "link": true
    }
  }
}
