{
  "name": "nodes",
  "version": "1.0.0",
  "lockfileVersion": 1,
  "requires": true,
  "dependencies": {
    "polycrc": {
      "version": "1.0.1",
      "resolved": "https://registry.npmjs.org/polycrc/-/polycrc-1.0.1.tgz",
      "integrity": "sha512-XjzmD8uE89r0lVe1xbOch3Zma5c5NorTZhn9svEdAQTrSYHqY0JOs9xVa7tahSlqatVAl/EXLYmI5BW8P34axw=="
    }
  }
}
